
Microsoft Visual Studio Solution File, Format Version 12.00
# Visual Studio Version 16
VisualStudioVersion = 16.0.30611.23
MinimumVisualStudioVersion = 10.0.40219.1
Project("{FAE04EC0-301F-11D3-BF4B-00C04F79EFBC}") = "Client_WPF", "Client_WPF\Client_WPF.csproj", "{430DBEEF-3A31-4230-890A-4A0CA896872B}"
EndProject
Global
	GlobalSection(SolutionConfigurationPlatforms) = preSolution
		Debug|Any CPU = Debug|Any CPU
		Release|Any CPU = Release|Any CPU
	EndGlobalSection
	GlobalSection(ProjectConfigurationPlatforms) = postSolution
		{430DBEEF-3A31-4230-890A-4A0CA896872B}.Debug|Any CPU.ActiveCfg = Debug|Any CPU
		{430DBEEF-3A31-4230-890A-4A0CA896872B}.Debug|Any CPU.Build.0 = Debug|Any CPU
		{430DBEEF-3A31-4230-890A-4A0CA896872B}.Release|Any CPU.ActiveCfg = Release|Any CPU
		{430DBEEF-3A31-4230-890A-4A0CA896872B}.Release|Any CPU.Build.0 = Release|Any CPU
	EndGlobalSection
	GlobalSection(SolutionProperties) = preSolution
		HideSolutionNode = FALSE
	EndGlobalSection
	GlobalSection(ExtensibilityGlobals) = postSolution
		SolutionGuid = {273983F6-9F07-4AE5-AEAE-F596397C13E4}
	EndGlobalSection
EndGlobal
